
Microsoft Visual Studio Solution File, Format Version 12.00
# Visual Studio Version 16
VisualStudioVersion = 16.0.31205.134
MinimumVisualStudioVersion = 10.0.40219.1
Project("{9A19103F-16F7-4668-BE54-9A1E7A4F7556}") = "EADCW2.Server", "EADCW2\Server\EADCW2.Server.csproj", "{F04BCFA6-6F94-4D70-8D0E-B288062111D8}"
EndProject
Project("{9A19103F-16F7-4668-BE54-9A1E7A4F7556}") = "EADCW2.Client", "EADCW2\Client\EADCW2.Client.csproj", "{583763D0-0C9F-44FD-AA24-1CA7019CF278}"
EndProject
Project("{9A19103F-16F7-4668-BE54-9A1E7A4F7556}") = "EADCW2.Shared", "EADCW2\Shared\EADCW2.Shared.csproj", "{00062877-EFFC-4E68-AA18-75B33BB0A5F7}"
EndProject
Global
	GlobalSection(SolutionConfigurationPlatforms) = preSolution
		Debug|Any CPU = Debug|Any CPU
		Release|Any CPU = Release|Any CPU
	EndGlobalSection
	GlobalSection(ProjectConfigurationPlatforms) = postSolution
		{F04BCFA6-6F94-4D70-8D0E-B288062111D8}.Debug|Any CPU.ActiveCfg = Debug|Any CPU
		{F04BCFA6-6F94-4D70-8D0E-B288062111D8}.Debug|Any CPU.Build.0 = Debug|Any CPU
		{F04BCFA6-6F94-4D70-8D0E-B288062111D8}.Release|Any CPU.ActiveCfg = Release|Any CPU
		{F04BCFA6-6F94-4D70-8D0E-B288062111D8}.Release|Any CPU.Build.0 = Release|Any CPU
		{583763D0-0C9F-44FD-AA24-1CA7019CF278}.Debug|Any CPU.ActiveCfg = Debug|Any CPU
		{583763D0-0C9F-44FD-AA24-1CA7019CF278}.Debug|Any CPU.Build.0 = Debug|Any CPU
		{583763D0-0C9F-44FD-AA24-1CA7019CF278}.Release|Any CPU.ActiveCfg = Release|Any CPU
		{583763D0-0C9F-44FD-AA24-1CA7019CF278}.Release|Any CPU.Build.0 = Release|Any CPU
		{00062877-EFFC-4E68-AA18-75B33BB0A5F7}.Debug|Any CPU.ActiveCfg = Debug|Any CPU
		{00062877-EFFC-4E68-AA18-75B33BB0A5F7}.Debug|Any CPU.Build.0 = Debug|Any CPU
		{00062877-EFFC-4E68-AA18-75B33BB0A5F7}.Release|Any CPU.ActiveCfg = Release|Any CPU
		{00062877-EFFC-4E68-AA18-75B33BB0A5F7}.Release|Any CPU.Build.0 = Release|Any CPU
	EndGlobalSection
	GlobalSection(SolutionProperties) = preSolution
		HideSolutionNode = FALSE
	EndGlobalSection
	GlobalSection(ExtensibilityGlobals) = postSolution
		SolutionGuid = {EBC7EC9C-B11B-4A96-AA66-7048DB522AC5}
	EndGlobalSection
EndGlobal
